PODS:
  - BitmovinComScoreAnalytics (1.3.0):
    - BitmovinPlayer (~> 2.15)
    - ComScore (~> 5.8.7)
  - BitmovinPlayer (2.35.0)
  - ComScore (5.8.7):
    - ComScore/Dynamic (= 5.8.7)
  - ComScore/Dynamic (5.8.7)
  - GoogleAds-IMA-iOS-SDK (3.7.0)
  - SwiftLint (0.37.0)

DEPENDENCIES:
  - BitmovinComScoreAnalytics (from `../`)
  - BitmovinPlayer (from `https://github.com/bitmovin/bitmovin-player-ios-sdk-cocoapod.git`, tag `2.35.0`)
  - ComScore (= 5.8.7)
  - GoogleAds-IMA-iOS-SDK (= 3.7.0)
  - SwiftLint

SPEC REPOS:
  trunk:
    - ComScore
    - GoogleAds-IMA-iOS-SDK
    - SwiftLint

EXTERNAL SOURCES:
  BitmovinComScoreAnalytics:
    :path: "../"
  BitmovinPlayer:
    :git: https://github.com/bitmovin/bitmovin-player-ios-sdk-cocoapod.git
    :tag: 2.35.0

CHECKOUT OPTIONS:
  BitmovinPlayer:
    :git: https://github.com/bitmovin/bitmovin-player-ios-sdk-cocoapod.git
    :tag: 2.35.0

SPEC CHECKSUMS:
  BitmovinComScoreAnalytics: fc6ebb76cc1e4f330bf5057da5c245da3b308bfc
  BitmovinPlayer: ae4903f52305beb5cd98ed950de6fb3bb6c5f9a6
  ComScore: 4d377376e44c77de1e435a32fdf38d2507d6906c
  GoogleAds-IMA-iOS-SDK: cdc8901c00aa1aa4a383c9180df4c59bc94e2dcf
  SwiftLint: c078a14d7d7ade75e5507795d185e3da41d844d2

PODFILE CHECKSUM: 8ebe3991a0fd552a368d954733f1d5a357713ab5

COCOAPODS: 1.8.4
